
Microsoft Visual Studio Solution File, Format Version 12.00
# Visual Studio Version 16
VisualStudioVersion = 16.6.30114.105
MinimumVisualStudioVersion = 10.0.40219.1
Project("{2150E333-8FDC-42A3-9474-1A3956D46DE8}") = "lib", "lib", "{E389F989-CCBD-4AF1-AE40-3783238BF44C}"
EndProject
Project("{9A19103F-16F7-4668-BE54-9A1E7A4F7556}") = "Simple", "Simple\Simple.csproj", "{45EA6088-3A22-47AF-872D-A178826AD4B1}"
EndProject
Project("{9A19103F-16F7-4668-BE54-9A1E7A4F7556}") = "httpPerformance.lib", "lib\httpPerformance.lib\httpPerformance.lib.csproj", "{BCE4CB10-52F2-47D3-8B71-5F42E7323572}"
EndProject
Project("{9A19103F-16F7-4668-BE54-9A1E7A4F7556}") = "HttpPerformance.SqlServerProvider", "lib\HttpPerformance.SqlServerProvider\HttpPerformance.SqlServerProvider.csproj", "{D0487570-6FAA-4274-9E7A-BF2CD68BD5F8}"
EndProject
Global
	GlobalSection(SolutionConfigurationPlatforms) = preSolution
		Debug|Any CPU = Debug|Any CPU
		Debug|x64 = Debug|x64
		Debug|x86 = Debug|x86
		Release|Any CPU = Release|Any CPU
		Release|x64 = Release|x64
		Release|x86 = Release|x86
	EndGlobalSection
	GlobalSection(ProjectConfigurationPlatforms) = postSolution
		{45EA6088-3A22-47AF-872D-A178826AD4B1}.Debug|Any CPU.ActiveCfg = Debug|Any CPU
		{45EA6088-3A22-47AF-872D-A178826AD4B1}.Debug|Any CPU.Build.0 = Debug|Any CPU
		{45EA6088-3A22-47AF-872D-A178826AD4B1}.Debug|x64.ActiveCfg = Debug|Any CPU
		{45EA6088-3A22-47AF-872D-A178826AD4B1}.Debug|x64.Build.0 = Debug|Any CPU
		{45EA6088-3A22-47AF-872D-A178826AD4B1}.Debug|x86.ActiveCfg = Debug|Any CPU
		{45EA6088-3A22-47AF-872D-A178826AD4B1}.Debug|x86.Build.0 = Debug|Any CPU
		{45EA6088-3A22-47AF-872D-A178826AD4B1}.Release|Any CPU.ActiveCfg = Release|Any CPU
		{45EA6088-3A22-47AF-872D-A178826AD4B1}.Release|Any CPU.Build.0 = Release|Any CPU
		{45EA6088-3A22-47AF-872D-A178826AD4B1}.Release|x64.ActiveCfg = Release|Any CPU
		{45EA6088-3A22-47AF-872D-A178826AD4B1}.Release|x64.Build.0 = Release|Any CPU
		{45EA6088-3A22-47AF-872D-A178826AD4B1}.Release|x86.ActiveCfg = Release|Any CPU
		{45EA6088-3A22-47AF-872D-A178826AD4B1}.Release|x86.Build.0 = Release|Any CPU
		{BCE4CB10-52F2-47D3-8B71-5F42E7323572}.Debug|Any CPU.ActiveCfg = Debug|Any CPU
		{BCE4CB10-52F2-47D3-8B71-5F42E7323572}.Debug|Any CPU.Build.0 = Debug|Any CPU
		{BCE4CB10-52F2-47D3-8B71-5F42E7323572}.Debug|x64.ActiveCfg = Debug|Any CPU
		{BCE4CB10-52F2-47D3-8B71-5F42E7323572}.Debug|x64.Build.0 = Debug|Any CPU
		{BCE4CB10-52F2-47D3-8B71-5F42E7323572}.Debug|x86.ActiveCfg = Debug|Any CPU
		{BCE4CB10-52F2-47D3-8B71-5F42E7323572}.Debug|x86.Build.0 = Debug|Any CPU
		{BCE4CB10-52F2-47D3-8B71-5F42E7323572}.Release|Any CPU.ActiveCfg = Release|Any CPU
		{BCE4CB10-52F2-47D3-8B71-5F42E7323572}.Release|Any CPU.Build.0 = Release|Any CPU
		{BCE4CB10-52F2-47D3-8B71-5F42E7323572}.Release|x64.ActiveCfg = Release|Any CPU
		{BCE4CB10-52F2-47D3-8B71-5F42E7323572}.Release|x64.Build.0 = Release|Any CPU
		{BCE4CB10-52F2-47D3-8B71-5F42E7323572}.Release|x86.ActiveCfg = Release|Any CPU
		{BCE4CB10-52F2-47D3-8B71-5F42E7323572}.Release|x86.Build.0 = Release|Any CPU
		{D0487570-6FAA-4274-9E7A-BF2CD68BD5F8}.Debug|Any CPU.ActiveCfg = Debug|Any CPU
		{D0487570-6FAA-4274-9E7A-BF2CD68BD5F8}.Debug|Any CPU.Build.0 = Debug|Any CPU
		{D0487570-6FAA-4274-9E7A-BF2CD68BD5F8}.Debug|x64.ActiveCfg = Debug|Any CPU
		{D0487570-6FAA-4274-9E7A-BF2CD68BD5F8}.Debug|x64.Build.0 = Debug|Any CPU
		{D0487570-6FAA-4274-9E7A-BF2CD68BD5F8}.Debug|x86.ActiveCfg = Debug|Any CPU
		{D0487570-6FAA-4274-9E7A-BF2CD68BD5F8}.Debug|x86.Build.0 = Debug|Any CPU
		{D0487570-6FAA-4274-9E7A-BF2CD68BD5F8}.Release|Any CPU.ActiveCfg = Release|Any CPU
		{D0487570-6FAA-4274-9E7A-BF2CD68BD5F8}.Release|Any CPU.Build.0 = Release|Any CPU
		{D0487570-6FAA-4274-9E7A-BF2CD68BD5F8}.Release|x64.ActiveCfg = Release|Any CPU
		{D0487570-6FAA-4274-9E7A-BF2CD68BD5F8}.Release|x64.Build.0 = Release|Any CPU
		{D0487570-6FAA-4274-9E7A-BF2CD68BD5F8}.Release|x86.ActiveCfg = Release|Any CPU
		{D0487570-6FAA-4274-9E7A-BF2CD68BD5F8}.Release|x86.Build.0 = Release|Any CPU
	EndGlobalSection
	GlobalSection(SolutionProperties) = preSolution
		HideSolutionNode = FALSE
	EndGlobalSection
	GlobalSection(NestedProjects) = preSolution
		{BCE4CB10-52F2-47D3-8B71-5F42E7323572} = {E389F989-CCBD-4AF1-AE40-3783238BF44C}
		{D0487570-6FAA-4274-9E7A-BF2CD68BD5F8} = {E389F989-CCBD-4AF1-AE40-3783238BF44C}
	EndGlobalSection
	GlobalSection(ExtensibilityGlobals) = postSolution
		SolutionGuid = {B98790F0-45E1-4730-BF98-0CB0A8AC5A86}
	EndGlobalSection
EndGlobal
